
Microsoft Visual Studio Solution File, Format Version 12.00
# Visual Studio Version 17
VisualStudioVersion = 17.10.35013.160
MinimumVisualStudioVersion = 10.0.40219.1
Project("{8BC9CEB8-8B4A-11D0-8D11-00A0C91BC942}") = "Classic Snake", "Classic Snake\Classic Snake.vcxproj", "{206E6658-A5E3-4831-9A8D-3DFE3C4E9CE3}"
EndProject
Global
	GlobalSection(SolutionConfigurationPlatforms) = preSolution
		Debug|x64 = Debug|x64
		Debug|x86 = Debug|x86
		Release|x64 = Release|x64
		Release|x86 = Release|x86
	EndGlobalSection
	GlobalSection(ProjectConfigurationPlatforms) = postSolution
		{206E6658-A5E3-4831-9A8D-3DFE3C4E9CE3}.Debug|x64.ActiveCfg = Debug|x64
		{206E6658-A5E3-4831-9A8D-3DFE3C4E9CE3}.Debug|x64.Build.0 = Debug|x64
		{206E6658-A5E3-4831-9A8D-3DFE3C4E9CE3}.Debug|x86.ActiveCfg = Debug|Win32
		{206E6658-A5E3-4831-9A8D-3DFE3C4E9CE3}.Debug|x86.Build.0 = Debug|Win32
		{206E6658-A5E3-4831-9A8D-3DFE3C4E9CE3}.Release|x64.ActiveCfg = Release|x64
		{206E6658-A5E3-4831-9A8D-3DFE3C4E9CE3}.Release|x64.Build.0 = Release|x64
		{206E6658-A5E3-4831-9A8D-3DFE3C4E9CE3}.Release|x86.ActiveCfg = Release|Win32
		{206E6658-A5E3-4831-9A8D-3DFE3C4E9CE3}.Release|x86.Build.0 = Release|Win32
	EndGlobalSection
	GlobalSection(SolutionProperties) = preSolution
		HideSolutionNode = FALSE
	EndGlobalSection
	GlobalSection(ExtensibilityGlobals) = postSolution
		SolutionGuid = {5871CC71-A74C-49D7-84C6-68C44C428EDD}
	EndGlobalSection
EndGlobal
